
Microsoft Visual Studio Solution File, Format Version 11.00
# Visual Studio 2010
Project("{FAE04EC0-301F-11D3-BF4B-00C04F79EFBC}") = "nkm-Dev - Copia", "Assembly-CSharp.csproj", "{7CA896D6-1FEF-77F0-8BC8-800CFD86581D}"
EndProject
Global
	GlobalSection(SolutionConfigurationPlatforms) = preSolution
		Debug|Any CPU = Debug|Any CPU
		Release|Any CPU = Release|Any CPU
	EndGlobalSection
	GlobalSection(ProjectConfigurationPlatforms) = postSolution
		{7CA896D6-1FEF-77F0-8BC8-800CFD86581D}.Debug|Any CPU.ActiveCfg = Debug|Any CPU
		{7CA896D6-1FEF-77F0-8BC8-800CFD86581D}.Debug|Any CPU.Build.0 = Debug|Any CPU
		{7CA896D6-1FEF-77F0-8BC8-800CFD86581D}.Release|Any CPU.ActiveCfg = Release|Any CPU
		{7CA896D6-1FEF-77F0-8BC8-800CFD86581D}.Release|Any CPU.Build.0 = Release|Any CPU
	EndGlobalSection
	GlobalSection(SolutionProperties) = preSolution
		HideSolutionNode = FALSE
	EndGlobalSection
	GlobalSection(MonoDevelopProperties) = preSolution
		StartupItem = Assembly-CSharp.csproj
	EndGlobalSection
EndGlobal
